
Microsoft Visual Studio Solution File, Format Version 12.00
# Visual Studio 2015
Project("{FAE04EC0-301F-11D3-BF4B-00C04F79EFBC}") = "Mission-Mars.CSharp", "Mission-Mars.CSharp.csproj", "{3BB9D7F5-B348-D511-B034-D02876E3AEE2}"
EndProject
Global
	GlobalSection(SolutionConfigurationPlatforms) = preSolution
		Debug|Any CPU = Debug|Any CPU
		Release|Any CPU = Release|Any CPU
	EndGlobalSection
	GlobalSection(ProjectConfigurationPlatforms) = postSolution
		{3BB9D7F5-B348-D511-B034-D02876E3AEE2}.Debug|Any CPU.ActiveCfg = Debug|Any CPU
		{3BB9D7F5-B348-D511-B034-D02876E3AEE2}.Debug|Any CPU.Build.0 = Debug|Any CPU
		{3BB9D7F5-B348-D511-B034-D02876E3AEE2}.Release|Any CPU.ActiveCfg = Release|Any CPU
		{3BB9D7F5-B348-D511-B034-D02876E3AEE2}.Release|Any CPU.Build.0 = Release|Any CPU
	EndGlobalSection
	GlobalSection(SolutionProperties) = preSolution
		HideSolutionNode = FALSE
	EndGlobalSection
EndGlobal
